{
  "name": "codespaces-blank",
  "lockfileVersion": 2,
  "requires": true,
  "packages": {
    "": {
      "dependencies": {
        "chinese-address-generator": "^1.1.0"
      }
    },
    "node_modules/chinese-address-generator": {
      "version": "1.1.0",
      "resolved": "https://registry.npmjs.org/chinese-address-generator/-/chinese-address-generator-1.1.0.tgz",
      "integrity": "sha512-i6g1/7tLQyeq7o9kJOizU/2jGELiGpeSDW6dUTYQFyUzMwqdkOl57Ar+88k3RzXmiSV5JCgPKFMiZPn9y7Rl4Q=="
    }
  },
  "dependencies": {
    "chinese-address-generator": {
      "version": "1.1.0",
      "resolved": "https://registry.npmjs.org/chinese-address-generator/-/chinese-address-generator-1.1.0.tgz",
      "integrity": "sha512-i6g1/7tLQyeq7o9kJOizU/2jGELiGpeSDW6dUTYQFyUzMwqdkOl57Ar+88k3RzXmiSV5JCgPKFMiZPn9y7Rl4Q=="
    }
  }
}
